
Microsoft Visual Studio Solution File, Format Version 12.00
# Visual Studio Version 16
VisualStudioVersion = 16.0.31911.196
MinimumVisualStudioVersion = 10.0.40219.1
Project("{888888A0-9F3D-457C-B088-3A5042F75D52}") = "yugioh_card_retriver", "yugioh_card_retriver\yugioh_card_retriver.pyproj", "{3F98F62D-9F3E-41C3-BA72-FEAC9E203417}"
EndProject
Global
	GlobalSection(SolutionConfigurationPlatforms) = preSolution
		Debug|Any CPU = Debug|Any CPU
		Release|Any CPU = Release|Any CPU
	EndGlobalSection
	GlobalSection(ProjectConfigurationPlatforms) = postSolution
		{3F98F62D-9F3E-41C3-BA72-FEAC9E203417}.Debug|Any CPU.ActiveCfg = Debug|Any CPU
		{3F98F62D-9F3E-41C3-BA72-FEAC9E203417}.Release|Any CPU.ActiveCfg = Release|Any CPU
	EndGlobalSection
	GlobalSection(SolutionProperties) = preSolution
		HideSolutionNode = FALSE
	EndGlobalSection
	GlobalSection(ExtensibilityGlobals) = postSolution
		SolutionGuid = {F69540EC-4116-44CA-A122-D6C5D7EF0F7B}
	EndGlobalSection
EndGlobal
